// !$*UTF8*$!
{
	archiveVersion = 1;
	classes = {
	};
	objectVersion = 77;
	objects = {

/* Begin PBXContainerItemProxy section */
		84C1CE032E9D91F000CF1503 /* PBXContainerItemProxy */ = {
			isa = PBXContainerItemProxy;
			containerPortal = 84C1CDE92E9D91EE00CF1503 /* Project object */;
			proxyType = 1;
			remoteGlobalIDString = 84C1CDF02E9D91EE00CF1503;
			remoteInfo = Gestify;
		};
		84C1CE0D2E9D91F000CF1503 /* PBXContainerItemProxy */ = {
			isa = PBXContainerItemProxy;
			containerPortal = 84C1CDE92E9D91EE00CF1503 /* Project object */;
			proxyType = 1;
			remoteGlobalIDString = 84C1CDF02E9D91EE00CF1503;
			remoteInfo = Gestify;
		};
/* End PBXContainerItemProxy section */

/* Begin PBXFileReference section */
		84C1CDF12E9D91EE00CF1503 /* Gestify.app */ = {isa = PBXFileReference; explicitFileType = wrapper.application; includeInIndex = 0; path = Gestify.app; sourceTree = BUILT_PRODUCTS_DIR; };
		84C1CE022E9D91F000CF1503 /* GestifyTests.xctest */ = {isa = PBXFileReference; explicitFileType = wrapper.cfbundle; includeInIndex = 0; path = GestifyTests.xctest; sourceTree = BUILT_PRODUCTS_DIR; };
		84C1CE0C2E9D91F000CF1503 /* GestifyUITests.xctest */ = {isa = PBXFileReference; explicitFileType = wrapper.cfbundle; includeInIndex = 0; path = GestifyUITests.xctest; sourceTree = BUILT_PRODUCTS_DIR; };
/* End PBXFileReference section */

/* Begin PBXFileSystemSynchronizedRootGroup section */
		84C1CDF32E9D91EE00CF1503 /* Gestify */ = {
			isa = PBXFileSystemSynchronizedRootGroup;
			path = Gestify;
			sourceTree = "<group>";
		};
		84C1CE052E9D91F000CF1503 /* GestifyTests */ = {
			isa = PBXFileSystemSynchronizedRootGroup;
			path = GestifyTests;
			sourceTree = "<group>";
		};
		84C1CE0F2E9D91F000CF1503 /* GestifyUITests */ = {
			isa = PBXFileSystemSynchronizedRootGroup;
			path = GestifyUITests;
			sourceTree = "<group>";
		};
/* End PBXFileSystemSynchronizedRootGroup section */

/* Begin PBXFrameworksBuildPhase section */
		84C1CDEE2E9D91EE00CF1503 /* Frameworks */ = {
			isa = PBXFrameworksBuildPhase;
			buildActionMask = 2147483647;
			files = (
			);
			runOnlyForDeploymentPostprocessing = 0;
		};
		84C1CDFF2E9D91F000CF1503 /* Frameworks */ = {
			isa = PBXFrameworksBuildPhase;
			buildActionMask = 2147483647;
			files = (
			);
			runOnlyForDeploymentPostprocessing = 0;
		};
		84C1CE092E9D91F000CF1503 /* Frameworks */ = {
			isa = PBXFrameworksBuildPhase;
			buildActionMask = 2147483647;
			files = (
			);
			runOnlyForDeploymentPostprocessing = 0;
		};
/* End PBXFrameworksBuildPhase section */

/* Begin PBXGroup section */
		84C1CDE82E9D91EE00CF1503 = {
			isa = PBXGroup;
			children = (
				84C1CDF32E9D91EE00CF1503 /* Gestify */,
				84C1CE052E9D91F000CF1503 /* GestifyTests */,
				84C1CE0F2E9D91F000CF1503 /* GestifyUITests */,
				84C1CDF22E9D91EE00CF1503 /* Products */,
			);
			sourceTree = "<group>";
		};
		84C1CDF22E9D91EE00CF1503 /* Products */ = {
			isa = PBXGroup;
			children = (
				84C1CDF12E9D91EE00CF1503 /* Gestify.app */,
				84C1CE022E9D91F000CF1503 /* GestifyTests.xctest */,
				84C1CE0C2E9D91F000CF1503 /* GestifyUITests.xctest */,
			);
			name = Products;
			sourceTree = "<group>";
		};
/* End PBXGroup section */

/* Begin PBXNativeTarget section */
		84C1CDF02E9D91EE00CF1503 /* Gestify */ = {
			isa = PBXNativeTarget;
			buildConfigurationList = 84C1CE162E9D91F000CF1503 /* Build configuration list for PBXNativeTarget "Gestify" */;
			buildPhases = (
				84C1CDED2E9D91EE00CF1503 /* Sources */,
				84C1CDEE2E9D91EE00CF1503 /* Frameworks */,
				84C1CDEF2E9D91EE00CF1503 /* Resources */,
			);
			buildRules = (
			);
			dependencies = (
			);
			fileSystemSynchronizedGroups = (
				84C1CDF32E9D91EE00CF1503 /* Gestify */,
			);
			name = Gestify;
			packageProductDependencies = (
			);
			productName = Gestify;
			productReference = 84C1CDF12E9D91EE00CF1503 /* Gestify.app */;
			productType = "com.apple.product-type.application";
		};
		84C1CE012E9D91F000CF1503 /* GestifyTests */ = {
			isa = PBXNativeTarget;
			buildConfigurationList = 84C1CE192E9D91F000CF1503 /* Build configuration list for PBXNativeTarget "GestifyTests" */;
			buildPhases = (
				84C1CDFE2E9D91F000CF1503 /* Sources */,
				84C1CDFF2E9D91F000CF1503 /* Frameworks */,
				84C1CE002E9D91F000CF1503 /* Resources */,
			);
			buildRules = (
			);
			dependencies = (
				84C1CE042E9D91F000CF1503 /* PBXTargetDependency */,
			);
			fileSystemSynchronizedGroups = (
				84C1CE052E9D91F000CF1503 /* GestifyTests */,
			);
			name = GestifyTests;
			packageProductDependencies = (
			);
			productName = GestifyTests;
			productReference = 84C1CE022E9D91F000CF1503 /* GestifyTests.xctest */;
			productType = "com.apple.product-type.bundle.unit-test";
		};
		84C1CE0B2E9D91F000CF1503 /* GestifyUITests */ = {
			isa = PBXNativeTarget;
			buildConfigurationList = 84C1CE1C2E9D91F000CF1503 /* Build configuration list for PBXNativeTarget "GestifyUITests" */;
			buildPhases = (
				84C1CE082E9D91F000CF1503 /* Sources */,
				84C1CE092E9D91F000CF1503 /* Frameworks */,
				84C1CE0A2E9D91F000CF1503 /* Resources */,
			);
			buildRules = (
			);
			dependencies = (
				84C1CE0E2E9D91F000CF1503 /* PBXTargetDependency */,
			);
			fileSystemSynchronizedGroups = (
				84C1CE0F2E9D91F000CF1503 /* GestifyUITests */,
			);
			name = GestifyUITests;
			packageProductDependencies = (
			);
			productName = GestifyUITests;
			productReference = 84C1CE0C2E9D91F000CF1503 /* GestifyUITests.xctest */;
			productType = "com.apple.product-type.bundle.ui-testing";
		};
/* End PBXNativeTarget section */

/* Begin PBXProject section */
		84C1CDE92E9D91EE00CF1503 /* Project object */ = {
			isa = PBXProject;
			attributes = {
				BuildIndependentTargetsInParallel = 1;
				LastSwiftUpdateCheck = 1600;
				LastUpgradeCheck = 1600;
				TargetAttributes = {
					84C1CDF02E9D91EE00CF1503 = {
						CreatedOnToolsVersion = 16.0;
					};
					84C1CE012E9D91F000CF1503 = {
						CreatedOnToolsVersion = 16.0;
						TestTargetID = 84C1CDF02E9D91EE00CF1503;
					};
					84C1CE0B2E9D91F000CF1503 = {
						CreatedOnToolsVersion = 16.0;
						TestTargetID = 84C1CDF02E9D91EE00CF1503;
					};
				};
			};
			buildConfigurationList = 84C1CDEC2E9D91EE00CF1503 /* Build configuration list for PBXProject "Gestify" */;
			developmentRegion = en;
			hasScannedForEncodings = 0;
			knownRegions = (
				en,
				Base,
			);
			mainGroup = 84C1CDE82E9D91EE00CF1503;
			minimizedProjectReferenceProxies = 1;
			preferredProjectObjectVersion = 77;
			productRefGroup = 84C1CDF22E9D91EE00CF1503 /* Products */;
			projectDirPath = "";
			projectRoot = "";
			targets = (
				84C1CDF02E9D91EE00CF1503 /* Gestify */,
				84C1CE012E9D91F000CF1503 /* GestifyTests */,
				84C1CE0B2E9D91F000CF1503 /* GestifyUITests */,
			);
		};
/* End PBXProject section */

/* Begin PBXResourcesBuildPhase section */
		84C1CDEF2E9D91EE00CF1503 /* Resources */ = {
			isa = PBXResourcesBuildPhase;
			buildActionMask = 2147483647;
			files = (
			);
			runOnlyForDeploymentPostprocessing = 0;
		};
		84C1CE002E9D91F000CF1503 /* Resources */ = {
			isa = PBXResourcesBuildPhase;
			buildActionMask = 2147483647;
			files = (
			);
			runOnlyForDeploymentPostprocessing = 0;
		};
		84C1CE0A2E9D91F000CF1503 /* Resources */ = {
			isa = PBXResourcesBuildPhase;
			buildActionMask = 2147483647;
			files = (
			);
			runOnlyForDeploymentPostprocessing = 0;
		};
/* End PBXResourcesBuildPhase section */

/* Begin PBXSourcesBuildPhase section */
		84C1CDED2E9D91EE00CF1503 /* Sources */ = {
			isa = PBXSourcesBuildPhase;
			buildActionMask = 2147483647;
			files = (
			);
			runOnlyForDeploymentPostprocessing = 0;
		};
		84C1CDFE2E9D91F000CF1503 /* Sources */ = {
			isa = PBXSourcesBuildPhase;
			buildActionMask = 2147483647;
			files = (
			);
			runOnlyForDeploymentPostprocessing = 0;
		};
		84C1CE082E9D91F000CF1503 /* Sources */ = {
			isa = PBXSourcesBuildPhase;
			buildActionMask = 2147483647;
			files = (
			);
			runOnlyForDeploymentPostprocessing = 0;
		};
/* End PBXSourcesBuildPhase section */

/* Begin PBXTargetDependency section */
		84C1CE042E9D91F000CF1503 /* PBXTargetDependency */ = {
			isa = PBXTargetDependency;
			target = 84C1CDF02E9D91EE00CF1503 /* Gestify */;
			targetProxy = 84C1CE032E9D91F000CF1503 /* PBXContainerItemProxy */;
		};
		84C1CE0E2E9D91F000CF1503 /* PBXTargetDependency */ = {
			isa = PBXTargetDependency;
			target = 84C1CDF02E9D91EE00CF1503 /* Gestify */;
			targetProxy = 84C1CE0D2E9D91F000CF1503 /* PBXContainerItemProxy */;
		};
/* End PBXTargetDependency section */

/* Begin XCBuildConfiguration section */
		84C1CE142E9D91F000CF1503 /* Debug */ = {
			isa = XCBuildConfiguration;
			buildSettings = {
				ALWAYS_SEARCH_USER_PATHS = NO;
				ASSETCATALOG_COMPILER_GENERATE_SWIFT_ASSET_SYMBOL_EXTENSIONS = YES;
				CLANG_ANALYZER_NONNULL = YES;
				CLANG_ANALYZER_NUMBER_OBJECT_CONVERSION = YES_AGGRESSIVE;
				CLANG_CXX_LANGUAGE_STANDARD = "gnu++20";
				CLANG_ENABLE_MODULES = YES;
				CLANG_ENABLE_OBJC_ARC = YES;
				CLANG_ENABLE_OBJC_WEAK = YES;
				CLANG_WARN_BLOCK_CAPTURE_AUTORELEASING = YES;
				CLANG_WARN_BOOL_CONVERSION = YES;
				CLANG_WARN_COMMA = YES;
				CLANG_WARN_CONSTANT_CONVERSION = YES;
				CLANG_WARN_DEPRECATED_OBJC_IMPLEMENTATIONS = YES;
				CLANG_WARN_DIRECT_OBJC_ISA_USAGE = YES_ERROR;
				CLANG_WARN_DOCUMENTATION_COMMENTS = YES;
				CLANG_WARN_EMPTY_BODY = YES;
				CLANG_WARN_ENUM_CONVERSION = YES;
				CLANG_WARN_INFINITE_RECURSION = YES;
				CLANG_WARN_INT_CONVERSION = YES;
				CLANG_WARN_NON_LITERAL_NULL_CONVERSION = YES;
				CLANG_WARN_OBJC_IMPLICIT_RETAIN_SELF = YES;
				CLANG_WARN_OBJC_LITERAL_CONVERSION = YES;
				CLANG_WARN_OBJC_ROOT_CLASS = YES_ERROR;
				CLANG_WARN_QUOTED_INCLUDE_IN_FRAMEWORK_HEADER = YES;
				CLANG_WARN_RANGE_LOOP_ANALYSIS = YES;
				CLANG_WARN_STRICT_PROTOTYPES = YES;
				CLANG_WARN_SUSPICIOUS_MOVE = YES;
				CLANG_WARN_UNGUARDED_AVAILABILITY = YES_AGGRESSIVE;
				CLANG_WARN_UNREACHABLE_CODE = YES;
				CLANG_WARN__DUPLICATE_METHOD_MATCH = YES;
				COPY_PHASE_STRIP = NO;
				DEBUG_INFORMATION_FORMAT = dwarf;
				ENABLE_STRICT_OBJC_MSGSEND = YES;
				ENABLE_TESTABILITY = YES;
				ENABLE_USER_SCRIPT_SANDBOXING = YES;
				GCC_C_LANGUAGE_STANDARD = gnu17;
				GCC_DYNAMIC_NO_PIC = NO;
				GCC_NO_COMMON_BLOCKS = YES;
				GCC_OPTIMIZATION_LEVEL = 0;
				GCC_PREPROCESSOR_DEFINITIONS = (
					"DEBUG=1",
					"$(inherited)",
				);
				GCC_WARN_64_TO_32_BIT_CONVERSION = YES;
				GCC_WARN_ABOUT_RETURN_TYPE = YES_ERROR;
				GCC_WARN_UNDECLARED_SELECTOR = YES;
				GCC_WARN_UNINITIALIZED_AUTOS = YES_AGGRESSIVE;
				GCC_WARN_UNUSED_FUNCTION = YES;
				GCC_WARN_UNUSED_VARIABLE = YES;
				LOCALIZATION_PREFERS_STRING_CATALOGS = YES;
				MACOSX_DEPLOYMENT_TARGET = 15.0;
				MTL_ENABLE_DEBUG_INFO = INCLUDE_SOURCE;
				MTL_FAST_MATH = YES;
				ONLY_ACTIVE_ARCH = YES;
				SDKROOT = macosx;
				SWIFT_ACTIVE_COMPILATION_CONDITIONS = "DEBUG $(inherited)";
				SWIFT_OPTIMIZATION_LEVEL = "-Onone";
			};
			name = Debug;
		};
		84C1CE152E9D91F000CF1503 /* Release */ = {
			isa = XCBuildConfiguration;
			buildSettings = {
				ALWAYS_SEARCH_USER_PATHS = NO;
				ASSETCATALOG_COMPILER_GENERATE_SWIFT_ASSET_SYMBOL_EXTENSIONS = YES;
				CLANG_ANALYZER_NONNULL = YES;
				CLANG_ANALYZER_NUMBER_OBJECT_CONVERSION = YES_AGGRESSIVE;
				CLANG_CXX_LANGUAGE_STANDARD = "gnu++20";
				CLANG_ENABLE_MODULES = YES;
				CLANG_ENABLE_OBJC_ARC = YES;
				CLANG_ENABLE_OBJC_WEAK = YES;
				CLANG_WARN_BLOCK_CAPTURE_AUTORELEASING = YES;
				CLANG_WARN_BOOL_CONVERSION = YES;
				CLANG_WARN_COMMA = YES;
				CLANG_WARN_CONSTANT_CONVERSION = YES;
				CLANG_WARN_DEPRECATED_OBJC_IMPLEMENTATIONS = YES;
				CLANG_WARN_DIRECT_OBJC_ISA_USAGE = YES_ERROR;
				CLANG_WARN_DOCUMENTATION_COMMENTS = YES;
				CLANG_WARN_EMPTY_BODY = YES;
				CLANG_WARN_ENUM_CONVERSION = YES;
				CLANG_WARN_INFINITE_RECURSION = YES;
				CLANG_WARN_INT_CONVERSION = YES;
				CLANG_WARN_NON_LITERAL_NULL_CONVERSION = YES;
				CLANG_WARN_OBJC_IMPLICIT_RETAIN_SELF = YES;
				CLANG_WARN_OBJC_LITERAL_CONVERSION = YES;
				CLANG_WARN_OBJC_ROOT_CLASS = YES_ERROR;
				CLANG_WARN_QUOTED_INCLUDE_IN_FRAMEWORK_HEADER = YES;
				CLANG_WARN_RANGE_LOOP_ANALYSIS = YES;
				CLANG_WARN_STRICT_PROTOTYPES = YES;
				CLANG_WARN_SUSPICIOUS_MOVE = YES;
				CLANG_WARN_UNGUARDED_AVAILABILITY = YES_AGGRESSIVE;
				CLANG_WARN_UNREACHABLE_CODE = YES;
				CLANG_WARN__DUPLICATE_METHOD_MATCH = YES;
				COPY_PHASE_STRIP = NO;
				DEBUG_INFORMATION_FORMAT = "dwarf-with-dsym";
				ENABLE_NS_ASSERTIONS = NO;
				ENABLE_STRICT_OBJC_MSGSEND = YES;
				ENABLE_USER_SCRIPT_SANDBOXING = YES;
				GCC_C_LANGUAGE_STANDARD = gnu17;
				GCC_NO_COMMON_BLOCKS = YES;
				GCC_WARN_64_TO_32_BIT_CONVERSION = YES;
				GCC_WARN_ABOUT_RETURN_TYPE = YES_ERROR;
				GCC_WARN_UNDECLARED_SELECTOR = YES;
				GCC_WARN_UNINITIALIZED_AUTOS = YES_AGGRESSIVE;
				GCC_WARN_UNUSED_FUNCTION = YES;
				GCC_WARN_UNUSED_VARIABLE = YES;
				LOCALIZATION_PREFERS_STRING_CATALOGS = YES;
				MACOSX_DEPLOYMENT_TARGET = 15.0;
				MTL_ENABLE_DEBUG_INFO = NO;
				MTL_FAST_MATH = YES;
				SDKROOT = macosx;
				SWIFT_COMPILATION_MODE = wholemodule;
			};
			name = Release;
		};
		84C1CE172E9D91F000CF1503 /* Debug */ = {
			isa = XCBuildConfiguration;
			buildSettings = {
				ASSETCATALOG_COMPILER_APPICON_NAME = AppIcon;
				ASSETCATALOG_COMPILER_GLOBAL_ACCENT_COLOR_NAME = AccentColor;
				CODE_SIGN_ENTITLEMENTS = Gestify/Gestify.entitlements;
				CODE_SIGN_STYLE = Automatic;
				COMBINE_HIDPI_IMAGES = YES;
				CURRENT_PROJECT_VERSION = 1;
				DEVELOPMENT_ASSET_PATHS = "\"Gestify/Preview Content\"";
				ENABLE_PREVIEWS = YES;
				GENERATE_INFOPLIST_FILE = YES;
				INFOPLIST_KEY_NSHumanReadableCopyright = "";
				LD_RUNPATH_SEARCH_PATHS = (
					"$(inherited)",
					"@executable_path/../Frameworks",
				);
				MARKETING_VERSION = 1.0;
				PRODUCT_BUNDLE_IDENTIFIER = Gestify.Gestify;
				PRODUCT_NAME = "$(TARGET_NAME)";
				SWIFT_EMIT_LOC_STRINGS = YES;
				SWIFT_VERSION = 5.0;
			};
			name = Debug;
		};
		84C1CE182E9D91F000CF1503 /* Release */ = {
			isa = XCBuildConfiguration;
			buildSettings = {
				ASSETCATALOG_COMPILER_APPICON_NAME = AppIcon;
				ASSETCATALOG_COMPILER_GLOBAL_ACCENT_COLOR_NAME = AccentColor;
				CODE_SIGN_ENTITLEMENTS = Gestify/Gestify.entitlements;
				CODE_SIGN_STYLE = Automatic;
				COMBINE_HIDPI_IMAGES = YES;
				CURRENT_PROJECT_VERSION = 1;
				DEVELOPMENT_ASSET_PATHS = "\"Gestify/Preview Content\"";
				ENABLE_PREVIEWS = YES;
				GENERATE_INFOPLIST_FILE = YES;
				INFOPLIST_KEY_NSHumanReadableCopyright = "";
				LD_RUNPATH_SEARCH_PATHS = (
					"$(inherited)",
					"@executable_path/../Frameworks",
				);
				MARKETING_VERSION = 1.0;
				PRODUCT_BUNDLE_IDENTIFIER = Gestify.Gestify;
				PRODUCT_NAME = "$(TARGET_NAME)";
				SWIFT_EMIT_LOC_STRINGS = YES;
				SWIFT_VERSION = 5.0;
			};
			name = Release;
		};
		84C1CE1A2E9D91F000CF1503 /* Debug */ = {
			isa = XCBuildConfiguration;
			buildSettings = {
				BUNDLE_LOADER = "$(TEST_HOST)";
				CODE_SIGN_STYLE = Automatic;
				CURRENT_PROJECT_VERSION = 1;
				GENERATE_INFOPLIST_FILE = YES;
				MACOSX_DEPLOYMENT_TARGET = 15.0;
				MARKETING_VERSION = 1.0;
				PRODUCT_BUNDLE_IDENTIFIER = Gestify.GestifyTests;
				PRODUCT_NAME = "$(TARGET_NAME)";
				SWIFT_EMIT_LOC_STRINGS = NO;
				SWIFT_VERSION = 5.0;
				TEST_HOST = "$(BUILT_PRODUCTS_DIR)/Gestify.app/$(BUNDLE_EXECUTABLE_FOLDER_PATH)/Gestify";
			};
			name = Debug;
		};
		84C1CE1B2E9D91F000CF1503 /* Release */ = {
			isa = XCBuildConfiguration;
			buildSettings = {
				BUNDLE_LOADER = "$(TEST_HOST)";
				CODE_SIGN_STYLE = Automatic;
				CURRENT_PROJECT_VERSION = 1;
				GENERATE_INFOPLIST_FILE = YES;
				MACOSX_DEPLOYMENT_TARGET = 15.0;
				MARKETING_VERSION = 1.0;
				PRODUCT_BUNDLE_IDENTIFIER = Gestify.GestifyTests;
				PRODUCT_NAME = "$(TARGET_NAME)";
				SWIFT_EMIT_LOC_STRINGS = NO;
				SWIFT_VERSION = 5.0;
				TEST_HOST = "$(BUILT_PRODUCTS_DIR)/Gestify.app/$(BUNDLE_EXECUTABLE_FOLDER_PATH)/Gestify";
			};
			name = Release;
		};
		84C1CE1D2E9D91F000CF1503 /* Debug */ = {
			isa = XCBuildConfiguration;
			buildSettings = {
				CODE_SIGN_STYLE = Automatic;
				CURRENT_PROJECT_VERSION = 1;
				GENERATE_INFOPLIST_FILE = YES;
				MARKETING_VERSION = 1.0;
				PRODUCT_BUNDLE_IDENTIFIER = Gestify.GestifyUITests;
				PRODUCT_NAME = "$(TARGET_NAME)";
				SWIFT_EMIT_LOC_STRINGS = NO;
				SWIFT_VERSION = 5.0;
				TEST_TARGET_NAME = Gestify;
			};
			name = Debug;
		};
		84C1CE1E2E9D91F000CF1503 /* Release */ = {
			isa = XCBuildConfiguration;
			buildSettings = {
				CODE_SIGN_STYLE = Automatic;
				CURRENT_PROJECT_VERSION = 1;
				GENERATE_INFOPLIST_FILE = YES;
				MARKETING_VERSION = 1.0;
				PRODUCT_BUNDLE_IDENTIFIER = Gestify.GestifyUITests;
				PRODUCT_NAME = "$(TARGET_NAME)";
				SWIFT_EMIT_LOC_STRINGS = NO;
				SWIFT_VERSION = 5.0;
				TEST_TARGET_NAME = Gestify;
			};
			name = Release;
		};
/* End XCBuildConfiguration section */

/* Begin XCConfigurationList section */
		84C1CDEC2E9D91EE00CF1503 /* Build configuration list for PBXProject "Gestify" */ = {
			isa = XCConfigurationList;
			buildConfigurations = (
				84C1CE142E9D91F000CF1503 /* Debug */,
				84C1CE152E9D91F000CF1503 /* Release */,
			);
			defaultConfigurationIsVisible = 0;
			defaultConfigurationName = Release;
		};
		84C1CE162E9D91F000CF1503 /* Build configuration list for PBXNativeTarget "Gestify" */ = {
			isa = XCConfigurationList;
			buildConfigurations = (
				84C1CE172E9D91F000CF1503 /* Debug */,
				84C1CE182E9D91F000CF1503 /* Release */,
			);
			defaultConfigurationIsVisible = 0;
			defaultConfigurationName = Release;
		};
		84C1CE192E9D91F000CF1503 /* Build configuration list for PBXNativeTarget "GestifyTests" */ = {
			isa = XCConfigurationList;
			buildConfigurations = (
				84C1CE1A2E9D91F000CF1503 /* Debug */,
				84C1CE1B2E9D91F000CF1503 /* Release */,
			);
			defaultConfigurationIsVisible = 0;
			defaultConfigurationName = Release;
		};
		84C1CE1C2E9D91F000CF1503 /* Build configuration list for PBXNativeTarget "GestifyUITests" */ = {
			isa = XCConfigurationList;
			buildConfigurations = (
				84C1CE1D2E9D91F000CF1503 /* Debug */,
				84C1CE1E2E9D91F000CF1503 /* Release */,
			);
			defaultConfigurationIsVisible = 0;
			defaultConfigurationName = Release;
		};
/* End XCConfigurationList section */
	};
	rootObject = 84C1CDE92E9D91EE00CF1503 /* Project object */;
}
